<?xml version="1.0" encoding="utf-8"?>
<Project ToolsVersion="Current" xmlns="http://schemas.microsoft.com/developer/msbuild/2003">
  <ItemGroup>
    <ClCompile Include="AutoDropGame.cpp">
      <Filter>Source Files</Filter>
    </ClCompile>
    <ClCompile Include="BeatMapEditor.cpp">
      <Filter>Source Files</Filter>
    </ClCompile>
    <ClCompile Include="Board.cpp">
      <Filter>Source Files</Filter>
    </ClCompile>
    <ClCompile Include="Button.cpp">
      <Filter>Source Files</Filter>
    </ClCompile>
    <ClCompile Include="DropToTheBeatGame.cpp">
      <Filter>Source Files</Filter>
    </ClCompile>
    <ClCompile Include="EndlessGame.cpp">
      <Filter>Source Files</Filter>
    </ClCompile>
    <ClCompile Include="GameBase.cpp">
      <Filter>Source Files</Filter>
    </ClCompile>
    <ClCompile Include="GameOptions.cpp">
      <Filter>Source Files</Filter>
    </ClCompile>
    <ClCompile Include="MasterClass.cpp">
      <Filter>Source Files</Filter>
    </ClCompile>
    <ClCompile Include="MapEditorSelect.cpp">
      <Filter>Source Files</Filter>
    </ClCompile>
    <ClCompile Include="Menu.cpp">
      <Filter>Source Files</Filter>
    </ClCompile>
    <ClCompile Include="MiniBpm.cpp">
      <Filter>Source Files</Filter>
    </ClCompile>
    <ClCompile Include="ResultScreen.cpp">
      <Filter>Source Files</Filter>
    </ClCompile>
    <ClCompile Include="StateScreen.cpp">
      <Filter>Source Files</Filter>
    </ClCompile>
    <ClCompile Include="Settings.cpp">
      <Filter>Source Files</Filter>
    </ClCompile>
    <ClCompile Include="Tetromino.cpp">
      <Filter>Source Files</Filter>
    </ClCompile>
    <ClCompile Include="TetroRhythm.cpp">
      <Filter>Source Files</Filter>
    </ClCompile>
    <ClCompile Include="Utils.cpp">
      <Filter>Source Files</Filter>
    </ClCompile>
  </ItemGroup>
  <ItemGroup>
    <ClInclude Include="AutoDropGame.h">
      <Filter>Header Files</Filter>
    </ClInclude>
    <ClInclude Include="BeatMapEditor.h">
      <Filter>Header Files</Filter>
    </ClInclude>
    <ClInclude Include="Board.h">
      <Filter>Header Files</Filter>
    </ClInclude>
    <ClInclude Include="Button.h">
      <Filter>Header Files</Filter>
    </ClInclude>
    <ClInclude Include="EndlessGame.h">
      <Filter>Header Files</Filter>
    </ClInclude>
    <ClInclude Include="GameBase.h">
      <Filter>Header Files</Filter>
    </ClInclude>
    <ClInclude Include="Enums.h">
      <Filter>Header Files</Filter>
    </ClInclude>
    <ClInclude Include="GameOptions.h">
      <Filter>Header Files</Filter>
    </ClInclude>
    <ClInclude Include="MapEditorSelect.h">
      <Filter>Header Files</Filter>
    </ClInclude>
    <ClInclude Include="MasterClass.h">
      <Filter>Header Files</Filter>
    </ClInclude>
    <ClInclude Include="MiniBpm.h">
      <Filter>Header Files</Filter>
    </ClInclude>
    <ClInclude Include="Menu.h">
      <Filter>Header Files</Filter>
    </ClInclude>
    <ClInclude Include="ResultScreen.h">
      <Filter>Header Files</Filter>
    </ClInclude>
    <ClInclude Include="Settings.h">
      <Filter>Header Files</Filter>
    </ClInclude>
    <ClInclude Include="StateScreen.h">
      <Filter>Header Files</Filter>
    </ClInclude>
    <ClInclude Include="Tetromino.h">
      <Filter>Header Files</Filter>
    </ClInclude>
    <ClInclude Include="Utils.h">
      <Filter>Header Files</Filter>
    </ClInclude>
    <ClInclude Include="DropToTheBeatGame.h">
      <Filter>Header Files</Filter>
    </ClInclude>
  </ItemGroup>
  <ItemGroup>
    <Image Include="tiles.png">
      <Filter>Resource Files</Filter>
    </Image>
    <Image Include="frame.png">
      <Filter>Resource Files</Filter>
    </Image>
  </ItemGroup>
  <ItemGroup>
    <Font Include="times-new-roman-bold.otf">
      <Filter>Resource Files</Filter>
    </Font>
    <Font Include="Dense-Regular.otf">
      <Filter>Resource Files</Filter>
    </Font>
    <Font Include="arial.ttf">
      <Filter>Resource Files</Filter>
    </Font>
  </ItemGroup>
  <ItemGroup>
    <Text Include="Tetris_theme.txt">
      <Filter>Resource Files</Filter>
    </Text>
    <Text Include="Tetris_theme - Hard.txt">
      <Filter>Resource Files</Filter>
    </Text>
    <Text Include="output.txt">
      <Filter>Resource Files</Filter>
    </Text>
  </ItemGroup>
  <ItemGroup>
    <Filter Include="Source Files">
      <UniqueIdentifier>{4edeccd1-e088-4821-a3c4-96e3681a08d4}</UniqueIdentifier>
    </Filter>
    <Filter Include="Resource Files">
      <UniqueIdentifier>{0cbc51d1-be85-4e99-8140-df58812f50aa}</UniqueIdentifier>
    </Filter>
    <Filter Include="Header Files">
      <UniqueIdentifier>{fd06a43c-b878-4400-8718-aaac4f70cd13}</UniqueIdentifier>
    </Filter>
  </ItemGroup>
  <ItemGroup>
    <Media Include="Tetris_theme.wav">
      <Filter>Resource Files</Filter>
    </Media>
  </ItemGroup>
  <ItemGroup>
    <None Include="Tetris_theme.ogg">
      <Filter>Resource Files</Filter>
    </None>
  </ItemGroup>
</Project>