<?xml version="1.0" encoding="utf-8"?>
<Project ToolsVersion="4.0" xmlns="http://schemas.microsoft.com/developer/msbuild/2003">
  <ItemGroup>
    <Filter Include="Source Files">
      <UniqueIdentifier>{4FC737F1-C7A5-4376-A066-2A32D752A2FF}</UniqueIdentifier>
      <Extensions>cpp;c;cc;cxx;c++;cppm;ixx;def;odl;idl;hpj;bat;asm;asmx</Extensions>
    </Filter>
    <Filter Include="Header Files">
      <UniqueIdentifier>{93995380-89BD-4b04-88EB-625FBE52EBFB}</UniqueIdentifier>
      <Extensions>h;hh;hpp;hxx;h++;hm;inl;inc;ipp;xsd</Extensions>
    </Filter>
    <Filter Include="Resource Files">
      <UniqueIdentifier>{67DA6AB6-F800-4c08-8B7A-83BB121AAD01}</UniqueIdentifier>
      <Extensions>rc;ico;cur;bmp;dlg;rc2;rct;bin;rgs;gif;jpg;jpeg;jpe;resx;tiff;tif;png;wav;mfcribbon-ms</Extensions>
    </Filter>
    <Filter Include="Header Files\Game Modes">
      <UniqueIdentifier>{af437f84-db75-41b5-bca3-cbaf37b296c4}</UniqueIdentifier>
    </Filter>
    <Filter Include="Source Files\Game Modes">
      <UniqueIdentifier>{dfceaab6-dab7-4b14-beb5-9d97fb169acc}</UniqueIdentifier>
    </Filter>
    <Filter Include="Header Files\External Libs">
      <UniqueIdentifier>{fdb6cf8e-3fb0-4c67-a6e8-0b71d8d85f20}</UniqueIdentifier>
    </Filter>
    <Filter Include="Source Files\External Libs">
      <UniqueIdentifier>{b10a312e-7e98-408b-a933-f587cabac218}</UniqueIdentifier>
    </Filter>
    <Filter Include="Header Files\State Screens">
      <UniqueIdentifier>{9e51ca9e-8b83-485c-af82-b2263fcaea3a}</UniqueIdentifier>
    </Filter>
    <Filter Include="Source Files\State Screens">
      <UniqueIdentifier>{bb6796fb-5c76-465f-a53c-af2eeac2c23c}</UniqueIdentifier>
    </Filter>
    <Filter Include="Header Files\Managers">
      <UniqueIdentifier>{f998c9e4-46e5-4770-92cf-7799cadc8c96}</UniqueIdentifier>
    </Filter>
    <Filter Include="Source Files\Managers">
      <UniqueIdentifier>{d4267086-559b-49bf-99f5-97c62bb88f58}</UniqueIdentifier>
    </Filter>
  </ItemGroup>
  <ItemGroup>
    <ClInclude Include="Board.h">
      <Filter>Header Files</Filter>
    </ClInclude>
    <ClInclude Include="Button.h">
      <Filter>Header Files</Filter>
    </ClInclude>
    <ClInclude Include="Enums.h">
      <Filter>Header Files</Filter>
    </ClInclude>
    <ClInclude Include="GameSettings.h">
      <Filter>Header Files</Filter>
    </ClInclude>
    <ClInclude Include="MasterClass.h">
      <Filter>Header Files</Filter>
    </ClInclude>
    <ClInclude Include="Tetromino.h">
      <Filter>Header Files</Filter>
    </ClInclude>
    <ClInclude Include="Utils.h">
      <Filter>Header Files</Filter>
    </ClInclude>
    <ClInclude Include="Entity.h">
      <Filter>Header Files</Filter>
    </ClInclude>
    <ClInclude Include="GravityButton.h">
      <Filter>Header Files</Filter>
    </ClInclude>
    <ClInclude Include="DropToTheBeatGame.h">
      <Filter>Header Files\Game Modes</Filter>
    </ClInclude>
    <ClInclude Include="EndlessGame.h">
      <Filter>Header Files\Game Modes</Filter>
    </ClInclude>
    <ClInclude Include="GameBase.h">
      <Filter>Header Files\Game Modes</Filter>
    </ClInclude>
    <ClInclude Include="LimitedTimeGame.h">
      <Filter>Header Files\Game Modes</Filter>
    </ClInclude>
    <ClInclude Include="SprintGame.h">
      <Filter>Header Files\Game Modes</Filter>
    </ClInclude>
    <ClInclude Include="MiniBpm.h">
      <Filter>Header Files\External Libs</Filter>
    </ClInclude>
    <ClInclude Include="GameOptions.h">
      <Filter>Header Files\State Screens</Filter>
    </ClInclude>
    <ClInclude Include="MapEditorSelect.h">
      <Filter>Header Files\State Screens</Filter>
    </ClInclude>
    <ClInclude Include="ResultScreen.h">
      <Filter>Header Files\State Screens</Filter>
    </ClInclude>
    <ClInclude Include="StateScreen.h">
      <Filter>Header Files\State Screens</Filter>
    </ClInclude>
    <ClInclude Include="Tutorial.h">
      <Filter>Header Files\State Screens</Filter>
    </ClInclude>
    <ClInclude Include="Settings.h">
      <Filter>Header Files\State Screens</Filter>
    </ClInclude>
    <ClInclude Include="BeatMapEditor.h">
      <Filter>Header Files\State Screens</Filter>
    </ClInclude>
    <ClInclude Include="Menu.h">
      <Filter>Header Files\State Screens</Filter>
    </ClInclude>
    <ClInclude Include="StateManager.h">
      <Filter>Header Files\Managers</Filter>
    </ClInclude>
    <ClInclude Include="AssetManager.h">
      <Filter>Header Files\Managers</Filter>
    </ClInclude>
  </ItemGroup>
  <ItemGroup>
    <ClCompile Include="Board.cpp">
      <Filter>Source Files</Filter>
    </ClCompile>
    <ClCompile Include="Button.cpp">
      <Filter>Source Files</Filter>
    </ClCompile>
    <ClCompile Include="GameSettings.cpp">
      <Filter>Source Files</Filter>
    </ClCompile>
    <ClCompile Include="MasterClass.cpp">
      <Filter>Source Files</Filter>
    </ClCompile>
    <ClCompile Include="Tetromino.cpp">
      <Filter>Source Files</Filter>
    </ClCompile>
    <ClCompile Include="TetroRhythm.cpp">
      <Filter>Source Files</Filter>
    </ClCompile>
    <ClCompile Include="Utils.cpp">
      <Filter>Source Files</Filter>
    </ClCompile>
    <ClCompile Include="Entity.cpp">
      <Filter>Source Files</Filter>
    </ClCompile>
    <ClCompile Include="GravityButton.cpp">
      <Filter>Source Files</Filter>
    </ClCompile>
    <ClCompile Include="DropToTheBeatGame.cpp">
      <Filter>Source Files\Game Modes</Filter>
    </ClCompile>
    <ClCompile Include="EndlessGame.cpp">
      <Filter>Source Files\Game Modes</Filter>
    </ClCompile>
    <ClCompile Include="GameBase.cpp">
      <Filter>Source Files\Game Modes</Filter>
    </ClCompile>
    <ClCompile Include="SprintGame.cpp">
      <Filter>Source Files\Game Modes</Filter>
    </ClCompile>
    <ClCompile Include="LimitedTimeGame.cpp">
      <Filter>Source Files\Game Modes</Filter>
    </ClCompile>
    <ClCompile Include="MiniBpm.cpp">
      <Filter>Source Files\External Libs</Filter>
    </ClCompile>
    <ClCompile Include="BeatMapEditor.cpp">
      <Filter>Source Files\State Screens</Filter>
    </ClCompile>
    <ClCompile Include="GameOptions.cpp">
      <Filter>Source Files\State Screens</Filter>
    </ClCompile>
    <ClCompile Include="Settings.cpp">
      <Filter>Source Files\State Screens</Filter>
    </ClCompile>
    <ClCompile Include="StateScreen.cpp">
      <Filter>Source Files\State Screens</Filter>
    </ClCompile>
    <ClCompile Include="ResultScreen.cpp">
      <Filter>Source Files\State Screens</Filter>
    </ClCompile>
    <ClCompile Include="MapEditorSelect.cpp">
      <Filter>Source Files\State Screens</Filter>
    </ClCompile>
    <ClCompile Include="Menu.cpp">
      <Filter>Source Files\State Screens</Filter>
    </ClCompile>
    <ClCompile Include="Tutorial.cpp">
      <Filter>Source Files\State Screens</Filter>
    </ClCompile>
    <ClCompile Include="AssetManager.cpp">
      <Filter>Source Files\Managers</Filter>
    </ClCompile>
    <ClCompile Include="StateManager.cpp">
      <Filter>Source Files\Managers</Filter>
    </ClCompile>
  </ItemGroup>
  <ItemGroup>
    <Image Include="Images\background.png">
      <Filter>Resource Files</Filter>
    </Image>
    <Image Include="Images\tiles.png">
      <Filter>Resource Files</Filter>
    </Image>
    <Image Include="Images\Logo.ico">
      <Filter>Resource Files</Filter>
    </Image>
  </ItemGroup>
  <ItemGroup>
    <None Include="packages.config" />
  </ItemGroup>
  <ItemGroup>
    <ResourceCompile Include="icon.rc">
      <Filter>Resource Files</Filter>
    </ResourceCompile>
  </ItemGroup>
</Project>